
Microsoft Visual Studio Solution File, Format Version 12.00
# Visual Studio Version 17
VisualStudioVersion = 17.13.35931.197 d17.13
MinimumVisualStudioVersion = 10.0.40219.1
Project("{FAE04EC0-301F-11D3-BF4B-00C04F79EFBC}") = "MaxiShop.Web", "MaxiShop.Web\MaxiShop.Web.csproj", "{455B55F1-A61F-441C-915D-5BCC867716D7}"
EndProject
Global
	GlobalSection(SolutionConfigurationPlatforms) = preSolution
		Debug|Any CPU = Debug|Any CPU
		Release|Any CPU = Release|Any CPU
	EndGlobalSection
	GlobalSection(ProjectConfigurationPlatforms) = postSolution
		{455B55F1-A61F-441C-915D-5BCC867716D7}.Debug|Any CPU.ActiveCfg = Debug|Any CPU
		{455B55F1-A61F-441C-915D-5BCC867716D7}.Debug|Any CPU.Build.0 = Debug|Any CPU
		{455B55F1-A61F-441C-915D-5BCC867716D7}.Release|Any CPU.ActiveCfg = Release|Any CPU
		{455B55F1-A61F-441C-915D-5BCC867716D7}.Release|Any CPU.Build.0 = Release|Any CPU
	EndGlobalSection
	GlobalSection(SolutionProperties) = preSolution
		HideSolutionNode = FALSE
	EndGlobalSection
	GlobalSection(ExtensibilityGlobals) = postSolution
		SolutionGuid = {D9F887BF-C55F-4077-8521-83F504928D65}
	EndGlobalSection
EndGlobal
